{
  "name": "compose-placeholder",
  "version": "1.0.13-SNAPSHOT",
  "lockfileVersion": 3,
  "requires": true,
  "packages": {
    "": {
      "name": "compose-placeholder",
      "version": "1.0.13-SNAPSHOT",
      "workspaces": [
        "packages/compose-placeholder-placeholder",
        "packages/compose-placeholder-placeholder-test",
        "packages/compose-placeholder-placeholder-material",
        "packages/compose-placeholder-placeholder-material-test",
        "packages/compose-placeholder-placeholder-material3",
        "packages/compose-placeholder-placeholder-material3-test",
        "packages_imported/skiko-wasm-js/0.9.22-2",
        "packages_imported/skiko-js-wasm-runtime/0.9.22-2",
        "packages_imported/Kotlin-DateTime-library-kotlinx-datetime-wasm-js/0.7.1"
      ],
      "devDependencies": {}
    },
    "node_modules/@js-joda/core": {
      "version": "3.2.0",
      "resolved": "https://registry.npmjs.org/@js-joda/core/-/core-3.2.0.tgz",
      "integrity": "sha512-PMqgJ0sw5B7FKb2d5bWYIoxjri+QlW/Pys7+Rw82jSH0QN3rB05jZ/VrrsUdh1w4+i2kw9JOejXGq/KhDOX7Kg=="
    },
    "node_modules/compose-placeholder-placeholder": {
      "resolved": "packages/compose-placeholder-placeholder",
      "link": true
    },
    "node_modules/compose-placeholder-placeholder-material": {
      "resolved": "packages/compose-placeholder-placeholder-material",
      "link": true
    },
    "node_modules/compose-placeholder-placeholder-material-test": {
      "resolved": "packages/compose-placeholder-placeholder-material-test",
      "link": true
    },
    "node_modules/compose-placeholder-placeholder-material3": {
      "resolved": "packages/compose-placeholder-placeholder-material3",
      "link": true
    },
    "node_modules/compose-placeholder-placeholder-material3-test": {
      "resolved": "packages/compose-placeholder-placeholder-material3-test",
      "link": true
    },
    "node_modules/compose-placeholder-placeholder-test": {
      "resolved": "packages/compose-placeholder-placeholder-test",
      "link": true
    },
    "node_modules/Kotlin-DateTime-library-kotlinx-datetime-wasm-js": {
      "resolved": "packages_imported/Kotlin-DateTime-library-kotlinx-datetime-wasm-js/0.7.1",
      "link": true
    },
    "node_modules/skiko-js-wasm-runtime": {
      "resolved": "packages_imported/skiko-js-wasm-runtime/0.9.22-2",
      "link": true
    },
    "node_modules/skiko-wasm-js": {
      "resolved": "packages_imported/skiko-wasm-js/0.9.22-2",
      "link": true
    },
    "packages_imported/Kotlin-DateTime-library-kotlinx-datetime-wasm-js/0.6.0": {
      "name": "Kotlin-DateTime-library-kotlinx-datetime-wasm-js",
      "version": "0.6.0",
      "extraneous": true,
      "dependencies": {
        "@js-joda/core": "3.2.0",
        "format-util": "^1.0.5"
      },
      "devDependencies": {}
    },
    "packages_imported/Kotlin-DateTime-library-kotlinx-datetime-wasm-js/0.7.1": {
      "name": "Kotlin-DateTime-library-kotlinx-datetime-wasm-js",
      "version": "0.7.1",
      "dependencies": {
        "@js-joda/core": "3.2.0"
      },
      "devDependencies": {}
    },
    "packages_imported/skiko-js-wasm-runtime/0.9.18": {
      "name": "skiko-js-wasm-runtime",
      "version": "0.9.18",
      "extraneous": true,
      "devDependencies": {}
    },
    "packages_imported/skiko-js-wasm-runtime/0.9.22": {
      "name": "skiko-js-wasm-runtime",
      "version": "0.9.22",
      "extraneous": true,
      "devDependencies": {}
    },
    "packages_imported/skiko-js-wasm-runtime/0.9.22-2": {
      "name": "skiko-js-wasm-runtime",
      "version": "0.9.22-2",
      "devDependencies": {}
    },
    "packages_imported/skiko-js-wasm-runtime/0.9.4-2": {
      "name": "skiko-js-wasm-runtime",
      "version": "0.9.4-2",
      "extraneous": true,
      "devDependencies": {}
    },
    "packages_imported/skiko-wasm-js/0.9.18": {
      "name": "skiko-wasm-js",
      "version": "0.9.18",
      "extraneous": true,
      "devDependencies": {}
    },
    "packages_imported/skiko-wasm-js/0.9.22": {
      "name": "skiko-wasm-js",
      "version": "0.9.22",
      "extraneous": true,
      "devDependencies": {}
    },
    "packages_imported/skiko-wasm-js/0.9.22-2": {
      "name": "skiko-wasm-js",
      "version": "0.9.22-2",
      "devDependencies": {}
    },
    "packages_imported/skiko-wasm-js/0.9.4-2": {
      "name": "skiko-wasm-js",
      "version": "0.9.4-2",
      "extraneous": true,
      "devDependencies": {}
    },
    "packages/compose-placeholder-placeholder": {
      "version": "1.0.13-SNAPSHOT",
      "devDependencies": {}
    },
    "packages/compose-placeholder-placeholder-material": {
      "version": "1.0.13-SNAPSHOT",
      "devDependencies": {}
    },
    "packages/compose-placeholder-placeholder-material-test": {
      "version": "1.0.13-SNAPSHOT",
      "devDependencies": {}
    },
    "packages/compose-placeholder-placeholder-material3": {
      "version": "1.0.13-SNAPSHOT",
      "dependencies": {
        "@js-joda/core": "3.2.0"
      },
      "devDependencies": {}
    },
    "packages/compose-placeholder-placeholder-material3-test": {
      "version": "1.0.13-SNAPSHOT",
      "dependencies": {
        "@js-joda/core": "3.2.0"
      },
      "devDependencies": {}
    },
    "packages/compose-placeholder-placeholder-test": {
      "version": "1.0.13-SNAPSHOT",
      "devDependencies": {}
    }
  }
}
